
Microsoft Visual Studio Solution File, Format Version 12.00
# Visual Studio Version 16
VisualStudioVersion = 16.0.32413.511
MinimumVisualStudioVersion = 10.0.40219.1
Project("{FAE04EC0-301F-11D3-BF4B-00C04F79EFBC}") = "doan", "doan.csproj", "{1D2B66F6-C18D-4A50-AABF-17A60768C762}"
EndProject
Global
	GlobalSection(SolutionConfigurationPlatforms) = preSolution
		Debug|Any CPU = Debug|Any CPU
		Release|Any CPU = Release|Any CPU
	EndGlobalSection
	GlobalSection(ProjectConfigurationPlatforms) = postSolution
		{1D2B66F6-C18D-4A50-AABF-17A60768C762}.Debug|Any CPU.ActiveCfg = Debug|Any CPU
		{1D2B66F6-C18D-4A50-AABF-17A60768C762}.Debug|Any CPU.Build.0 = Debug|Any CPU
		{1D2B66F6-C18D-4A50-AABF-17A60768C762}.Release|Any CPU.ActiveCfg = Release|Any CPU
		{1D2B66F6-C18D-4A50-AABF-17A60768C762}.Release|Any CPU.Build.0 = Release|Any CPU
	EndGlobalSection
	GlobalSection(SolutionProperties) = preSolution
		HideSolutionNode = FALSE
	EndGlobalSection
	GlobalSection(ExtensibilityGlobals) = postSolution
		SolutionGuid = {2F6C2920-D980-4B11-963C-509C54964DC4}
	EndGlobalSection
EndGlobal
